{
  "pins" : [
    {
      "identity" : "grdb.swift",
      "kind" : "remoteSourceControl",
      "location" : "https://github.com/groue/GRDB.swift.git",
      "state" : {
        "revision" : "dd6b98ce04eda39aa22f066cd421c24d7236ea8a",
        "version" : "6.29.1"
      }
    }
  ],
  "version" : 2
}
